
Microsoft Visual Studio Solution File, Format Version 12.00
# Visual Studio Version 17
VisualStudioVersion = 17.4.33103.184
MinimumVisualStudioVersion = 10.0.40219.1
Project("{FAE04EC0-301F-11D3-BF4B-00C04F79EFBC}") = "IdentityServerConfig", "src\IdentityServerConfig.csproj", "{FBC8A159-CF2C-47A5-BB3C-E838860F06A8}"
EndProject
Project("{FAE04EC0-301F-11D3-BF4B-00C04F79EFBC}") = "IdentityServerConfig.UnitTest", "test\IdentityServerConfig.UnitTest.csproj", "{705C1CDB-0DF3-4A30-BCA7-211A3196CACA}"
EndProject
Project("{FAE04EC0-301F-11D3-BF4B-00C04F79EFBC}") = "IdentityServerConfig.Migrations", "migrations\IdentityServerConfig.Migrations.csproj", "{190F93D8-48AB-4F6D-8FFC-01C78A507254}"
EndProject
Global
	GlobalSection(SolutionConfigurationPlatforms) = preSolution
		Debug|Any CPU = Debug|Any CPU
		Release|Any CPU = Release|Any CPU
	EndGlobalSection
	GlobalSection(ProjectConfigurationPlatforms) = postSolution
		{FBC8A159-CF2C-47A5-BB3C-E838860F06A8}.Debug|Any CPU.ActiveCfg = Debug|Any CPU
		{FBC8A159-CF2C-47A5-BB3C-E838860F06A8}.Debug|Any CPU.Build.0 = Debug|Any CPU
		{FBC8A159-CF2C-47A5-BB3C-E838860F06A8}.Release|Any CPU.ActiveCfg = Release|Any CPU
		{FBC8A159-CF2C-47A5-BB3C-E838860F06A8}.Release|Any CPU.Build.0 = Release|Any CPU
		{705C1CDB-0DF3-4A30-BCA7-211A3196CACA}.Debug|Any CPU.ActiveCfg = Debug|Any CPU
		{705C1CDB-0DF3-4A30-BCA7-211A3196CACA}.Debug|Any CPU.Build.0 = Debug|Any CPU
		{705C1CDB-0DF3-4A30-BCA7-211A3196CACA}.Release|Any CPU.ActiveCfg = Release|Any CPU
		{705C1CDB-0DF3-4A30-BCA7-211A3196CACA}.Release|Any CPU.Build.0 = Release|Any CPU
		{190F93D8-48AB-4F6D-8FFC-01C78A507254}.Debug|Any CPU.ActiveCfg = Debug|Any CPU
		{190F93D8-48AB-4F6D-8FFC-01C78A507254}.Debug|Any CPU.Build.0 = Debug|Any CPU
		{190F93D8-48AB-4F6D-8FFC-01C78A507254}.Release|Any CPU.ActiveCfg = Release|Any CPU
		{190F93D8-48AB-4F6D-8FFC-01C78A507254}.Release|Any CPU.Build.0 = Release|Any CPU
	EndGlobalSection
	GlobalSection(SolutionProperties) = preSolution
		HideSolutionNode = FALSE
	EndGlobalSection
	GlobalSection(ExtensibilityGlobals) = postSolution
		SolutionGuid = {A2DA9F57-1B0C-4C9B-9DFE-124C2D026E31}
	EndGlobalSection
EndGlobal
